{
  "lockfileVersion": 1,
  "configVersion": 1,
  "workspaces": {
    "": {
      "name": "hmem",
      "dependencies": {
        "yargs-parser": "^22.0.0",
      },
      "devDependencies": {
        "@types/node": "^22.0.0",
        "@types/yargs-parser": "^21.0.3",
        "typescript": "^5.7.0",
      },
    },
  },
  "packages": {
    "@types/node": ["@types/node@22.19.15", "", { "dependencies": { "undici-types": "~6.21.0" } }, "sha512-F0R/h2+dsy5wJAUe3tAU6oqa2qbWY5TpNfL/RGmo1y38hiyO1w3x2jPtt76wmuaJI4DQnOBu21cNXQ2STIUUWg=="],

    "@types/yargs-parser": ["@types/yargs-parser@21.0.3", "", {}, "sha512-I4q9QU9MQv4oEOz4tAHJtNz1cwuLxn2F3xcc2iV5WdqLPpUnj30aUuxt1mAxYTG+oe8CZMV/+6rU4S4gRDzqtQ=="],

    "typescript": ["typescript@5.9.3", "", { "bin": { "tsc": "bin/tsc", "tsserver": "bin/tsserver" } }, "sha512-jl1vZzPDinLr9eUt3J/t7V6FgNEw9QjvBPdysz9KfQDD41fQrC2Y4vKQdiaUpFT4bXlb1RHhLpp8wtm6M5TgSw=="],

    "undici-types": ["undici-types@6.21.0", "", {}, "sha512-iwDZqg0QAGrg9Rav5H4n0M64c3mkR59cJ6wQp+7C4nI0gsmExaedaYLNO44eT4AtBBwjbTiGPMlt2Md0T9H9JQ=="],

    "yargs-parser": ["yargs-parser@22.0.0", "", {}, "sha512-rwu/ClNdSMpkSrUb+d6BRsSkLUq1fmfsY6TOpYzTwvwkg1/NRG85KBy3kq++A8LKQwX6lsu+aWad+2khvuXrqw=="],
  }
}
